
Microsoft Visual Studio Solution File, Format Version 12.00
# Visual Studio 14
VisualStudioVersion = 14.0.24720.0
MinimumVisualStudioVersion = 10.0.40219.1
Project("{FAE04EC0-301F-11D3-BF4B-00C04F79EFBC}") = "SMC.WebApi", "SMC.WebApi\SMC.WebApi.csproj", "{45242447-A56C-4209-9F84-8EE84CD4865C}"
EndProject
Project("{2150E333-8FDC-42A3-9474-1A3956D46DE8}") = "SDK", "SDK", "{3B9D0A24-7FBC-4C6A-97DD-5EEC8D7C1199}"
EndProject
Project("{FAE04EC0-301F-11D3-BF4B-00C04F79EFBC}") = "Ima.Api.V1", "..\Ima.Api.V1\Ima.Api.V1.csproj", "{A5E663A9-8141-45D2-B2CA-53A997E9AFB9}"
EndProject
Global
	GlobalSection(SolutionConfigurationPlatforms) = preSolution
		Debug|Any CPU = Debug|Any CPU
		Release|Any CPU = Release|Any CPU
	EndGlobalSection
	GlobalSection(ProjectConfigurationPlatforms) = postSolution
		{45242447-A56C-4209-9F84-8EE84CD4865C}.Debug|Any CPU.ActiveCfg = Debug|Any CPU
		{45242447-A56C-4209-9F84-8EE84CD4865C}.Debug|Any CPU.Build.0 = Debug|Any CPU
		{45242447-A56C-4209-9F84-8EE84CD4865C}.Release|Any CPU.ActiveCfg = Release|Any CPU
		{45242447-A56C-4209-9F84-8EE84CD4865C}.Release|Any CPU.Build.0 = Release|Any CPU
		{A5E663A9-8141-45D2-B2CA-53A997E9AFB9}.Debug|Any CPU.ActiveCfg = Debug|Any CPU
		{A5E663A9-8141-45D2-B2CA-53A997E9AFB9}.Debug|Any CPU.Build.0 = Debug|Any CPU
		{A5E663A9-8141-45D2-B2CA-53A997E9AFB9}.Release|Any CPU.ActiveCfg = Release|Any CPU
		{A5E663A9-8141-45D2-B2CA-53A997E9AFB9}.Release|Any CPU.Build.0 = Release|Any CPU
	EndGlobalSection
	GlobalSection(SolutionProperties) = preSolution
		HideSolutionNode = FALSE
	EndGlobalSection
	GlobalSection(NestedProjects) = preSolution
		{A5E663A9-8141-45D2-B2CA-53A997E9AFB9} = {3B9D0A24-7FBC-4C6A-97DD-5EEC8D7C1199}
	EndGlobalSection
EndGlobal
